
Microsoft Visual Studio Solution File, Format Version 12.00
# Visual Studio Version 17
VisualStudioVersion = 17.7.34031.279
MinimumVisualStudioVersion = 10.0.40219.1
Project("{FAE04EC0-301F-11D3-BF4B-00C04F79EFBC}") = "iatoiarto1", "iatoiarto1.csproj", "{316F6AEE-BE72-4DF6-B96D-112F23B3491F}"
EndProject
Global
	GlobalSection(SolutionConfigurationPlatforms) = preSolution
		Debug|Any CPU = Debug|Any CPU
		Release|Any CPU = Release|Any CPU
	EndGlobalSection
	GlobalSection(ProjectConfigurationPlatforms) = postSolution
		{316F6AEE-BE72-4DF6-B96D-112F23B3491F}.Debug|Any CPU.ActiveCfg = Debug|Any CPU
		{316F6AEE-BE72-4DF6-B96D-112F23B3491F}.Debug|Any CPU.Build.0 = Debug|Any CPU
		{316F6AEE-BE72-4DF6-B96D-112F23B3491F}.Release|Any CPU.ActiveCfg = Release|Any CPU
		{316F6AEE-BE72-4DF6-B96D-112F23B3491F}.Release|Any CPU.Build.0 = Release|Any CPU
	EndGlobalSection
	GlobalSection(SolutionProperties) = preSolution
		HideSolutionNode = FALSE
	EndGlobalSection
	GlobalSection(ExtensibilityGlobals) = postSolution
		SolutionGuid = {D24BEDA3-B47D-4BD3-B7E6-86E23FF23ACA}
	EndGlobalSection
EndGlobal
